// !$*UTF8*$!
{
	archiveVersion = 1;
	classes = {
	};
	objectVersion = 50;
	objects = {

/* Begin PBXBuildFile section */
		9927528D20BDFACE003B00E0 /* snforwardlist.cpp in Sources */ = {isa = PBXBuildFile; fileRef = 9927528C20BDFACE003B00E0 /* snforwardlist.cpp */; };
		9927529020C0D29E003B00E0 /* degreetoradian.cpp in Sources */ = {isa = PBXBuildFile; fileRef = 9927528E20C0D29E003B00E0 /* degreetoradian.cpp */; };
		9927529420C300FE003B00E0 /* haversine.cpp in Sources */ = {isa = PBXBuildFile; fileRef = 9927529220C300FE003B00E0 /* haversine.cpp */; };
		994E1A1520C6FA2800CA1A3A /* totaldegrees.cpp in Sources */ = {isa = PBXBuildFile; fileRef = 994E1A1420C6FA2800CA1A3A /* totaldegrees.cpp */; };
		994E1A1820C7017200CA1A3A /* snmap.cpp in Sources */ = {isa = PBXBuildFile; fileRef = 994E1A1720C7017200CA1A3A /* snmap.cpp */; };
		994E1A1B20C70F4E00CA1A3A /* snvector.cpp in Sources */ = {isa = PBXBuildFile; fileRef = 994E1A1A20C70F4E00CA1A3A /* snvector.cpp */; };
		9958EB8A20C844CE00958627 /* wefowardlist.cpp in Sources */ = {isa = PBXBuildFile; fileRef = 9958EB8920C844CE00958627 /* wefowardlist.cpp */; };
		9958EB9120C8514F00958627 /* wevector.cpp in Sources */ = {isa = PBXBuildFile; fileRef = 9958EB9020C8514F00958627 /* wevector.cpp */; };
		9958EB9320C866FD00958627 /* wemap.cpp in Sources */ = {isa = PBXBuildFile; fileRef = 9958EB9220C866FD00958627 /* wemap.cpp */; };
		99B62FDB20B9AA350012B950 /* main.cpp in Sources */ = {isa = PBXBuildFile; fileRef = 99B62FDA20B9AA350012B950 /* main.cpp */; };
		99B62FE820B9CFC00012B950 /* latitude.cpp in Sources */ = {isa = PBXBuildFile; fileRef = 99B62FE720B9CFC00012B950 /* latitude.cpp */; };
		99B62FEB20B9CFE40012B950 /* longitude.cpp in Sources */ = {isa = PBXBuildFile; fileRef = 99B62FEA20B9CFE40012B950 /* longitude.cpp */; };
		99B62FEF20B9D00C0012B950 /* location.cpp in Sources */ = {isa = PBXBuildFile; fileRef = 99B62FEE20B9D00C0012B950 /* location.cpp */; };
/* End PBXBuildFile section */

/* Begin PBXCopyFilesBuildPhase section */
		99B62FD520B9AA350012B950 /* CopyFiles */ = {
			isa = PBXCopyFilesBuildPhase;
			buildActionMask = 2147483647;
			dstPath = /usr/share/man/man1/;
			dstSubfolderSpec = 0;
			files = (
			);
			runOnlyForDeploymentPostprocessing = 1;
		};
/* End PBXCopyFilesBuildPhase section */

/* Begin PBXFileReference section */
		9927528B20BDFAA9003B00E0 /* snforwardlist.h */ = {isa = PBXFileReference; lastKnownFileType = sourcecode.c.h; path = snforwardlist.h; sourceTree = "<group>"; };
		9927528C20BDFACE003B00E0 /* snforwardlist.cpp */ = {isa = PBXFileReference; lastKnownFileType = sourcecode.cpp.cpp; path = snforwardlist.cpp; sourceTree = "<group>"; };
		9927528E20C0D29E003B00E0 /* degreetoradian.cpp */ = {isa = PBXFileReference; lastKnownFileType = sourcecode.cpp.cpp; path = degreetoradian.cpp; sourceTree = "<group>"; };
		9927528F20C0D29E003B00E0 /* degreetoradian.h */ = {isa = PBXFileReference; lastKnownFileType = sourcecode.c.h; path = degreetoradian.h; sourceTree = "<group>"; };
		9927529120C300EB003B00E0 /* haversine.h */ = {isa = PBXFileReference; lastKnownFileType = sourcecode.c.h; path = haversine.h; sourceTree = "<group>"; };
		9927529220C300FE003B00E0 /* haversine.cpp */ = {isa = PBXFileReference; lastKnownFileType = sourcecode.cpp.cpp; path = haversine.cpp; sourceTree = "<group>"; };
		994E1A1320C6FA1700CA1A3A /* totaldegrees.h */ = {isa = PBXFileReference; lastKnownFileType = sourcecode.c.h; path = totaldegrees.h; sourceTree = "<group>"; };
		994E1A1420C6FA2800CA1A3A /* totaldegrees.cpp */ = {isa = PBXFileReference; lastKnownFileType = sourcecode.cpp.cpp; path = totaldegrees.cpp; sourceTree = "<group>"; };
		994E1A1620C7016500CA1A3A /* snmap.h */ = {isa = PBXFileReference; lastKnownFileType = sourcecode.c.h; path = snmap.h; sourceTree = "<group>"; };
		994E1A1720C7017200CA1A3A /* snmap.cpp */ = {isa = PBXFileReference; lastKnownFileType = sourcecode.cpp.cpp; path = snmap.cpp; sourceTree = "<group>"; };
		994E1A1920C70F3400CA1A3A /* snvector.h */ = {isa = PBXFileReference; lastKnownFileType = sourcecode.c.h; path = snvector.h; sourceTree = "<group>"; };
		994E1A1A20C70F4E00CA1A3A /* snvector.cpp */ = {isa = PBXFileReference; lastKnownFileType = sourcecode.cpp.cpp; path = snvector.cpp; sourceTree = "<group>"; };
		9958EB8920C844CE00958627 /* wefowardlist.cpp */ = {isa = PBXFileReference; lastKnownFileType = sourcecode.cpp.cpp; path = wefowardlist.cpp; sourceTree = "<group>"; };
		9958EB8B20C844E800958627 /* weforwardlist.h */ = {isa = PBXFileReference; lastKnownFileType = sourcecode.c.h; path = weforwardlist.h; sourceTree = "<group>"; };
		9958EB8F20C8513600958627 /* wevector.h */ = {isa = PBXFileReference; lastKnownFileType = sourcecode.c.h; path = wevector.h; sourceTree = "<group>"; };
		9958EB9020C8514F00958627 /* wevector.cpp */ = {isa = PBXFileReference; lastKnownFileType = sourcecode.cpp.cpp; path = wevector.cpp; sourceTree = "<group>"; };
		9958EB9220C866FD00958627 /* wemap.cpp */ = {isa = PBXFileReference; lastKnownFileType = sourcecode.cpp.cpp; path = wemap.cpp; sourceTree = "<group>"; };
		9958EB9420C8670800958627 /* wemap.h */ = {isa = PBXFileReference; lastKnownFileType = sourcecode.c.h; path = wemap.h; sourceTree = "<group>"; };
		99B62FD720B9AA350012B950 /* Atoll */ = {isa = PBXFileReference; explicitFileType = "compiled.mach-o.executable"; includeInIndex = 0; path = Atoll; sourceTree = BUILT_PRODUCTS_DIR; };
		99B62FDA20B9AA350012B950 /* main.cpp */ = {isa = PBXFileReference; lastKnownFileType = sourcecode.cpp.cpp; path = main.cpp; sourceTree = "<group>"; };
		99B62FE120B9AF020012B950 /* range.h */ = {isa = PBXFileReference; lastKnownFileType = sourcecode.c.h; path = range.h; sourceTree = "<group>"; };
		99B62FE420B9B0880012B950 /* gps.h */ = {isa = PBXFileReference; lastKnownFileType = sourcecode.c.h; path = gps.h; sourceTree = "<group>"; };
		99B62FE720B9CFC00012B950 /* latitude.cpp */ = {isa = PBXFileReference; lastKnownFileType = sourcecode.cpp.cpp; path = latitude.cpp; sourceTree = "<group>"; };
		99B62FE920B9CFCB0012B950 /* latitude.h */ = {isa = PBXFileReference; lastKnownFileType = sourcecode.c.h; path = latitude.h; sourceTree = "<group>"; };
		99B62FEA20B9CFE40012B950 /* longitude.cpp */ = {isa = PBXFileReference; lastKnownFileType = sourcecode.cpp.cpp; path = longitude.cpp; sourceTree = "<group>"; };
		99B62FEC20B9CFF40012B950 /* longitude.h */ = {isa = PBXFileReference; lastKnownFileType = sourcecode.c.h; path = longitude.h; sourceTree = "<group>"; };
		99B62FED20B9CFFF0012B950 /* location.h */ = {isa = PBXFileReference; lastKnownFileType = sourcecode.c.h; path = location.h; sourceTree = "<group>"; };
		99B62FEE20B9D00C0012B950 /* location.cpp */ = {isa = PBXFileReference; lastKnownFileType = sourcecode.cpp.cpp; path = location.cpp; sourceTree = "<group>"; };
/* End PBXFileReference section */

/* Begin PBXFrameworksBuildPhase section */
		99B62FD420B9AA350012B950 /* Frameworks */ = {
			isa = PBXFrameworksBuildPhase;
			buildActionMask = 2147483647;
			files = (
			);
			runOnlyForDeploymentPostprocessing = 0;
		};
/* End PBXFrameworksBuildPhase section */

/* Begin PBXGroup section */
		99B62FCE20B9AA350012B950 = {
			isa = PBXGroup;
			children = (
				99B62FD920B9AA350012B950 /* Atoll */,
				99B62FD820B9AA350012B950 /* Products */,
			);
			sourceTree = "<group>";
		};
		99B62FD820B9AA350012B950 /* Products */ = {
			isa = PBXGroup;
			children = (
				99B62FD720B9AA350012B950 /* Atoll */,
			);
			name = Products;
			sourceTree = "<group>";
		};
		99B62FD920B9AA350012B950 /* Atoll */ = {
			isa = PBXGroup;
			children = (
				99B62FDA20B9AA350012B950 /* main.cpp */,
				99B62FE120B9AF020012B950 /* range.h */,
				99B62FE420B9B0880012B950 /* gps.h */,
				99B62FE920B9CFCB0012B950 /* latitude.h */,
				99B62FE720B9CFC00012B950 /* latitude.cpp */,
				99B62FEC20B9CFF40012B950 /* longitude.h */,
				99B62FEA20B9CFE40012B950 /* longitude.cpp */,
				99B62FED20B9CFFF0012B950 /* location.h */,
				99B62FEE20B9D00C0012B950 /* location.cpp */,
				9927528B20BDFAA9003B00E0 /* snforwardlist.h */,
				9927528C20BDFACE003B00E0 /* snforwardlist.cpp */,
				994E1A1620C7016500CA1A3A /* snmap.h */,
				994E1A1720C7017200CA1A3A /* snmap.cpp */,
				994E1A1920C70F3400CA1A3A /* snvector.h */,
				994E1A1A20C70F4E00CA1A3A /* snvector.cpp */,
				9927528E20C0D29E003B00E0 /* degreetoradian.cpp */,
				9927528F20C0D29E003B00E0 /* degreetoradian.h */,
				9927529120C300EB003B00E0 /* haversine.h */,
				9927529220C300FE003B00E0 /* haversine.cpp */,
				994E1A1320C6FA1700CA1A3A /* totaldegrees.h */,
				994E1A1420C6FA2800CA1A3A /* totaldegrees.cpp */,
				9958EB8B20C844E800958627 /* weforwardlist.h */,
				9958EB8920C844CE00958627 /* wefowardlist.cpp */,
				9958EB8F20C8513600958627 /* wevector.h */,
				9958EB9020C8514F00958627 /* wevector.cpp */,
				9958EB9220C866FD00958627 /* wemap.cpp */,
				9958EB9420C8670800958627 /* wemap.h */,
			);
			path = Atoll;
			sourceTree = "<group>";
		};
/* End PBXGroup section */

/* Begin PBXNativeTarget section */
		99B62FD620B9AA350012B950 /* Atoll */ = {
			isa = PBXNativeTarget;
			buildConfigurationList = 99B62FDE20B9AA350012B950 /* Build configuration list for PBXNativeTarget "Atoll" */;
			buildPhases = (
				99B62FD320B9AA350012B950 /* Sources */,
				99B62FD420B9AA350012B950 /* Frameworks */,
				99B62FD520B9AA350012B950 /* CopyFiles */,
			);
			buildRules = (
			);
			dependencies = (
			);
			name = Atoll;
			productName = Atoll;
			productReference = 99B62FD720B9AA350012B950 /* Atoll */;
			productType = "com.apple.product-type.tool";
		};
/* End PBXNativeTarget section */

/* Begin PBXProject section */
		99B62FCF20B9AA350012B950 /* Project object */ = {
			isa = PBXProject;
			attributes = {
				LastUpgradeCheck = 0930;
				ORGANIZATIONNAME = "Thea Van Kessel";
				TargetAttributes = {
					99B62FD620B9AA350012B950 = {
						CreatedOnToolsVersion = 9.3;
					};
				};
			};
			buildConfigurationList = 99B62FD220B9AA350012B950 /* Build configuration list for PBXProject "Atoll" */;
			compatibilityVersion = "Xcode 9.3";
			developmentRegion = en;
			hasScannedForEncodings = 0;
			knownRegions = (
				en,
			);
			mainGroup = 99B62FCE20B9AA350012B950;
			productRefGroup = 99B62FD820B9AA350012B950 /* Products */;
			projectDirPath = "";
			projectRoot = "";
			targets = (
				99B62FD620B9AA350012B950 /* Atoll */,
			);
		};
/* End PBXProject section */

/* Begin PBXSourcesBuildPhase section */
		99B62FD320B9AA350012B950 /* Sources */ = {
			isa = PBXSourcesBuildPhase;
			buildActionMask = 2147483647;
			files = (
				9958EB8A20C844CE00958627 /* wefowardlist.cpp in Sources */,
				9927529420C300FE003B00E0 /* haversine.cpp in Sources */,
				994E1A1820C7017200CA1A3A /* snmap.cpp in Sources */,
				9927529020C0D29E003B00E0 /* degreetoradian.cpp in Sources */,
				9958EB9320C866FD00958627 /* wemap.cpp in Sources */,
				9958EB9120C8514F00958627 /* wevector.cpp in Sources */,
				99B62FE820B9CFC00012B950 /* latitude.cpp in Sources */,
				99B62FEB20B9CFE40012B950 /* longitude.cpp in Sources */,
				994E1A1520C6FA2800CA1A3A /* totaldegrees.cpp in Sources */,
				9927528D20BDFACE003B00E0 /* snforwardlist.cpp in Sources */,
				994E1A1B20C70F4E00CA1A3A /* snvector.cpp in Sources */,
				99B62FDB20B9AA350012B950 /* main.cpp in Sources */,
				99B62FEF20B9D00C0012B950 /* location.cpp in Sources */,
			);
			runOnlyForDeploymentPostprocessing = 0;
		};
/* End PBXSourcesBuildPhase section */

/* Begin XCBuildConfiguration section */
		99B62FDC20B9AA350012B950 /* Debug */ = {
			isa = XCBuildConfiguration;
			buildSettings = {
				ALWAYS_SEARCH_USER_PATHS = NO;
				CLANG_ANALYZER_NONNULL = YES;
				CLANG_ANALYZER_NUMBER_OBJECT_CONVERSION = YES_AGGRESSIVE;
				CLANG_CXX_LANGUAGE_STANDARD = "gnu++14";
				CLANG_CXX_LIBRARY = "libc++";
				CLANG_ENABLE_MODULES = YES;
				CLANG_ENABLE_OBJC_ARC = YES;
				CLANG_ENABLE_OBJC_WEAK = YES;
				CLANG_WARN_BLOCK_CAPTURE_AUTORELEASING = YES;
				CLANG_WARN_BOOL_CONVERSION = YES;
				CLANG_WARN_COMMA = YES;
				CLANG_WARN_CONSTANT_CONVERSION = YES;
				CLANG_WARN_DEPRECATED_OBJC_IMPLEMENTATIONS = YES;
				CLANG_WARN_DIRECT_OBJC_ISA_USAGE = YES_ERROR;
				CLANG_WARN_DOCUMENTATION_COMMENTS = YES;
				CLANG_WARN_EMPTY_BODY = YES;
				CLANG_WARN_ENUM_CONVERSION = YES;
				CLANG_WARN_INFINITE_RECURSION = YES;
				CLANG_WARN_INT_CONVERSION = YES;
				CLANG_WARN_NON_LITERAL_NULL_CONVERSION = YES;
				CLANG_WARN_OBJC_IMPLICIT_RETAIN_SELF = YES;
				CLANG_WARN_OBJC_LITERAL_CONVERSION = YES;
				CLANG_WARN_OBJC_ROOT_CLASS = YES_ERROR;
				CLANG_WARN_RANGE_LOOP_ANALYSIS = YES;
				CLANG_WARN_STRICT_PROTOTYPES = YES;
				CLANG_WARN_SUSPICIOUS_MOVE = YES;
				CLANG_WARN_UNGUARDED_AVAILABILITY = YES_AGGRESSIVE;
				CLANG_WARN_UNREACHABLE_CODE = YES;
				CLANG_WARN__DUPLICATE_METHOD_MATCH = YES;
				CODE_SIGN_IDENTITY = "-";
				COPY_PHASE_STRIP = NO;
				DEBUG_INFORMATION_FORMAT = dwarf;
				ENABLE_STRICT_OBJC_MSGSEND = YES;
				ENABLE_TESTABILITY = YES;
				GCC_C_LANGUAGE_STANDARD = gnu11;
				GCC_DYNAMIC_NO_PIC = NO;
				GCC_NO_COMMON_BLOCKS = YES;
				GCC_OPTIMIZATION_LEVEL = 0;
				GCC_PREPROCESSOR_DEFINITIONS = (
					"DEBUG=1",
					"$(inherited)",
				);
				GCC_WARN_64_TO_32_BIT_CONVERSION = YES;
				GCC_WARN_ABOUT_RETURN_TYPE = YES_ERROR;
				GCC_WARN_UNDECLARED_SELECTOR = YES;
				GCC_WARN_UNINITIALIZED_AUTOS = YES_AGGRESSIVE;
				GCC_WARN_UNUSED_FUNCTION = YES;
				GCC_WARN_UNUSED_VARIABLE = YES;
				MACOSX_DEPLOYMENT_TARGET = 10.13;
				MTL_ENABLE_DEBUG_INFO = YES;
				ONLY_ACTIVE_ARCH = YES;
				SDKROOT = macosx;
			};
			name = Debug;
		};
		99B62FDD20B9AA350012B950 /* Release */ = {
			isa = XCBuildConfiguration;
			buildSettings = {
				ALWAYS_SEARCH_USER_PATHS = NO;
				CLANG_ANALYZER_NONNULL = YES;
				CLANG_ANALYZER_NUMBER_OBJECT_CONVERSION = YES_AGGRESSIVE;
				CLANG_CXX_LANGUAGE_STANDARD = "gnu++14";
				CLANG_CXX_LIBRARY = "libc++";
				CLANG_ENABLE_MODULES = YES;
				CLANG_ENABLE_OBJC_ARC = YES;
				CLANG_ENABLE_OBJC_WEAK = YES;
				CLANG_WARN_BLOCK_CAPTURE_AUTORELEASING = YES;
				CLANG_WARN_BOOL_CONVERSION = YES;
				CLANG_WARN_COMMA = YES;
				CLANG_WARN_CONSTANT_CONVERSION = YES;
				CLANG_WARN_DEPRECATED_OBJC_IMPLEMENTATIONS = YES;
				CLANG_WARN_DIRECT_OBJC_ISA_USAGE = YES_ERROR;
				CLANG_WARN_DOCUMENTATION_COMMENTS = YES;
				CLANG_WARN_EMPTY_BODY = YES;
				CLANG_WARN_ENUM_CONVERSION = YES;
				CLANG_WARN_INFINITE_RECURSION = YES;
				CLANG_WARN_INT_CONVERSION = YES;
				CLANG_WARN_NON_LITERAL_NULL_CONVERSION = YES;
				CLANG_WARN_OBJC_IMPLICIT_RETAIN_SELF = YES;
				CLANG_WARN_OBJC_LITERAL_CONVERSION = YES;
				CLANG_WARN_OBJC_ROOT_CLASS = YES_ERROR;
				CLANG_WARN_RANGE_LOOP_ANALYSIS = YES;
				CLANG_WARN_STRICT_PROTOTYPES = YES;
				CLANG_WARN_SUSPICIOUS_MOVE = YES;
				CLANG_WARN_UNGUARDED_AVAILABILITY = YES_AGGRESSIVE;
				CLANG_WARN_UNREACHABLE_CODE = YES;
				CLANG_WARN__DUPLICATE_METHOD_MATCH = YES;
				CODE_SIGN_IDENTITY = "-";
				COPY_PHASE_STRIP = NO;
				DEBUG_INFORMATION_FORMAT = "dwarf-with-dsym";
				ENABLE_NS_ASSERTIONS = NO;
				ENABLE_STRICT_OBJC_MSGSEND = YES;
				GCC_C_LANGUAGE_STANDARD = gnu11;
				GCC_NO_COMMON_BLOCKS = YES;
				GCC_WARN_64_TO_32_BIT_CONVERSION = YES;
				GCC_WARN_ABOUT_RETURN_TYPE = YES_ERROR;
				GCC_WARN_UNDECLARED_SELECTOR = YES;
				GCC_WARN_UNINITIALIZED_AUTOS = YES_AGGRESSIVE;
				GCC_WARN_UNUSED_FUNCTION = YES;
				GCC_WARN_UNUSED_VARIABLE = YES;
				MACOSX_DEPLOYMENT_TARGET = 10.13;
				MTL_ENABLE_DEBUG_INFO = NO;
				SDKROOT = macosx;
			};
			name = Release;
		};
		99B62FDF20B9AA350012B950 /* Debug */ = {
			isa = XCBuildConfiguration;
			buildSettings = {
				CODE_SIGN_STYLE = Automatic;
				PRODUCT_NAME = "$(TARGET_NAME)";
			};
			name = Debug;
		};
		99B62FE020B9AA350012B950 /* Release */ = {
			isa = XCBuildConfiguration;
			buildSettings = {
				CODE_SIGN_STYLE = Automatic;
				PRODUCT_NAME = "$(TARGET_NAME)";
			};
			name = Release;
		};
/* End XCBuildConfiguration section */

/* Begin XCConfigurationList section */
		99B62FD220B9AA350012B950 /* Build configuration list for PBXProject "Atoll" */ = {
			isa = XCConfigurationList;
			buildConfigurations = (
				99B62FDC20B9AA350012B950 /* Debug */,
				99B62FDD20B9AA350012B950 /* Release */,
			);
			defaultConfigurationIsVisible = 0;
			defaultConfigurationName = Release;
		};
		99B62FDE20B9AA350012B950 /* Build configuration list for PBXNativeTarget "Atoll" */ = {
			isa = XCConfigurationList;
			buildConfigurations = (
				99B62FDF20B9AA350012B950 /* Debug */,
				99B62FE020B9AA350012B950 /* Release */,
			);
			defaultConfigurationIsVisible = 0;
			defaultConfigurationName = Release;
		};
/* End XCConfigurationList section */
	};
	rootObject = 99B62FCF20B9AA350012B950 /* Project object */;
}
